
Microsoft Visual Studio Solution File, Format Version 12.00
# Visual Studio 15
VisualStudioVersion = 15.0.27428.2027
MinimumVisualStudioVersion = 10.0.40219.1
Project("{9A19103F-16F7-4668-BE54-9A1E7A4F7556}") = "Library", "Library\Library.csproj", "{5E6CF08E-261E-4730-AAE2-47FB934FDA67}"
EndProject
Project("{9A19103F-16F7-4668-BE54-9A1E7A4F7556}") = "LibraryData", "LibraryData\LibraryData.csproj", "{6D7E3D4E-667F-4DAE-A5FD-3E7E17DE572E}"
EndProject
Project("{9A19103F-16F7-4668-BE54-9A1E7A4F7556}") = "LibraryServices", "LibraryServices\LibraryServices.csproj", "{A5393271-67C3-4E1D-845B-5FA054A63562}"
EndProject
Global
	GlobalSection(SolutionConfigurationPlatforms) = preSolution
		Debug|Any CPU = Debug|Any CPU
		Release|Any CPU = Release|Any CPU
	EndGlobalSection
	GlobalSection(ProjectConfigurationPlatforms) = postSolution
		{5E6CF08E-261E-4730-AAE2-47FB934FDA67}.Debug|Any CPU.ActiveCfg = Debug|Any CPU
		{5E6CF08E-261E-4730-AAE2-47FB934FDA67}.Debug|Any CPU.Build.0 = Debug|Any CPU
		{5E6CF08E-261E-4730-AAE2-47FB934FDA67}.Release|Any CPU.ActiveCfg = Release|Any CPU
		{5E6CF08E-261E-4730-AAE2-47FB934FDA67}.Release|Any CPU.Build.0 = Release|Any CPU
		{6D7E3D4E-667F-4DAE-A5FD-3E7E17DE572E}.Debug|Any CPU.ActiveCfg = Debug|Any CPU
		{6D7E3D4E-667F-4DAE-A5FD-3E7E17DE572E}.Debug|Any CPU.Build.0 = Debug|Any CPU
		{6D7E3D4E-667F-4DAE-A5FD-3E7E17DE572E}.Release|Any CPU.ActiveCfg = Release|Any CPU
		{6D7E3D4E-667F-4DAE-A5FD-3E7E17DE572E}.Release|Any CPU.Build.0 = Release|Any CPU
		{A5393271-67C3-4E1D-845B-5FA054A63562}.Debug|Any CPU.ActiveCfg = Debug|Any CPU
		{A5393271-67C3-4E1D-845B-5FA054A63562}.Debug|Any CPU.Build.0 = Debug|Any CPU
		{A5393271-67C3-4E1D-845B-5FA054A63562}.Release|Any CPU.ActiveCfg = Release|Any CPU
		{A5393271-67C3-4E1D-845B-5FA054A63562}.Release|Any CPU.Build.0 = Release|Any CPU
	EndGlobalSection
	GlobalSection(SolutionProperties) = preSolution
		HideSolutionNode = FALSE
	EndGlobalSection
	GlobalSection(ExtensibilityGlobals) = postSolution
		SolutionGuid = {70190D30-E908-41D4-A268-2E47CE9576EB}
	EndGlobalSection
EndGlobal
